// !$*UTF8*$!
{
	archiveVersion = 1;
	classes = {
	};
	objectVersion = 63;
	objects = {

/* Begin PBXBuildFile section */
		561BD00F2CD1F1AE0052D050 /* Assets.xcassets in Resources */ = {isa = PBXBuildFile; fileRef = 561BD0062CD1F1AE0052D050 /* Assets.xcassets */; };
		561BD0112CD1F1AE0052D050 /* LaunchScreen.storyboard in Resources */ = {isa = PBXBuildFile; fileRef = 561BD0092CD1F1AE0052D050 /* LaunchScreen.storyboard */; };
		561BD0122CD1F1AE0052D050 /* Main.storyboard in Resources */ = {isa = PBXBuildFile; fileRef = 561BD00B2CD1F1AE0052D050 /* Main.storyboard */; };
		561BD0132CD1F1AE0052D050 /* AppDelegate.swift in Sources */ = {isa = PBXBuildFile; fileRef = 561BD0052CD1F1AE0052D050 /* AppDelegate.swift */; };
		561BD0142CD1F1AE0052D050 /* SceneDelegate.swift in Sources */ = {isa = PBXBuildFile; fileRef = 561BD00C2CD1F1AE0052D050 /* SceneDelegate.swift */; };
		561BD0152CD1F1AE0052D050 /* ViewController.swift in Sources */ = {isa = PBXBuildFile; fileRef = 561BD00D2CD1F1AE0052D050 /* ViewController.swift */; };
		561BD01B2CD1F3670052D050 /* Movie.swift in Sources */ = {isa = PBXBuildFile; fileRef = 561BD01A2CD1F3670052D050 /* Movie.swift */; };
		561BD01D2CD1F4050052D050 /* MovieDataManager.swift in Sources */ = {isa = PBXBuildFile; fileRef = 561BD01C2CD1F4050052D050 /* MovieDataManager.swift */; };
		561BD01F2CD1F94C0052D050 /* MovieCell.swift in Sources */ = {isa = PBXBuildFile; fileRef = 561BD01E2CD1F94C0052D050 /* MovieCell.swift */; };
		561BD0212CD20E1E0052D050 /* DetailViewController.swift in Sources */ = {isa = PBXBuildFile; fileRef = 561BD0202CD20E1E0052D050 /* DetailViewController.swift */; };
/* End PBXBuildFile section */

/* Begin PBXFileReference section */
		561BCFE72CD1EF9C0052D050 /* TableView.app */ = {isa = PBXFileReference; explicitFileType = wrapper.application; includeInIndex = 0; path = TableView.app; sourceTree = BUILT_PRODUCTS_DIR; };
		561BD0052CD1F1AE0052D050 /* AppDelegate.swift */ = {isa = PBXFileReference; lastKnownFileType = sourcecode.swift; path = AppDelegate.swift; sourceTree = "<group>"; };
		561BD0062CD1F1AE0052D050 /* Assets.xcassets */ = {isa = PBXFileReference; lastKnownFileType = folder.assetcatalog; path = Assets.xcassets; sourceTree = "<group>"; };
		561BD0072CD1F1AE0052D050 /* Info.plist */ = {isa = PBXFileReference; lastKnownFileType = text.plist.xml; path = Info.plist; sourceTree = "<group>"; };
		561BD0082CD1F1AE0052D050 /* Base */ = {isa = PBXFileReference; lastKnownFileType = file.storyboard; name = Base; path = Base.lproj/LaunchScreen.storyboard; sourceTree = "<group>"; };
		561BD00A2CD1F1AE0052D050 /* Base */ = {isa = PBXFileReference; lastKnownFileType = file.storyboard; name = Base; path = Base.lproj/Main.storyboard; sourceTree = "<group>"; };
		561BD00C2CD1F1AE0052D050 /* SceneDelegate.swift */ = {isa = PBXFileReference; lastKnownFileType = sourcecode.swift; path = SceneDelegate.swift; sourceTree = "<group>"; };
		561BD00D2CD1F1AE0052D050 /* ViewController.swift */ = {isa = PBXFileReference; lastKnownFileType = sourcecode.swift; path = ViewController.swift; sourceTree = "<group>"; };
		561BD01A2CD1F3670052D050 /* Movie.swift */ = {isa = PBXFileReference; lastKnownFileType = sourcecode.swift; path = Movie.swift; sourceTree = "<group>"; };
		561BD01C2CD1F4050052D050 /* MovieDataManager.swift */ = {isa = PBXFileReference; lastKnownFileType = sourcecode.swift; path = MovieDataManager.swift; sourceTree = "<group>"; };
		561BD01E2CD1F94C0052D050 /* MovieCell.swift */ = {isa = PBXFileReference; lastKnownFileType = sourcecode.swift; path = MovieCell.swift; sourceTree = "<group>"; };
		561BD0202CD20E1E0052D050 /* DetailViewController.swift */ = {isa = PBXFileReference; lastKnownFileType = sourcecode.swift; path = DetailViewController.swift; sourceTree = "<group>"; };
/* End PBXFileReference section */

/* Begin PBXFrameworksBuildPhase section */
		561BCFE42CD1EF9C0052D050 /* Frameworks */ = {
			isa = PBXFrameworksBuildPhase;
			buildActionMask = 2147483647;
			files = (
			);
			runOnlyForDeploymentPostprocessing = 0;
		};
/* End PBXFrameworksBuildPhase section */

/* Begin PBXGroup section */
		561BCFDE2CD1EF9C0052D050 = {
			isa = PBXGroup;
			children = (
				561BD00E2CD1F1AE0052D050 /* TableView */,
				561BCFE82CD1EF9C0052D050 /* Products */,
			);
			sourceTree = "<group>";
		};
		561BCFE82CD1EF9C0052D050 /* Products */ = {
			isa = PBXGroup;
			children = (
				561BCFE72CD1EF9C0052D050 /* TableView.app */,
			);
			name = Products;
			sourceTree = "<group>";
		};
		561BD0022CD1F1AE0052D050 /* Controllers */ = {
			isa = PBXGroup;
			children = (
				561BD00D2CD1F1AE0052D050 /* ViewController.swift */,
				561BD0202CD20E1E0052D050 /* DetailViewController.swift */,
			);
			path = Controllers;
			sourceTree = "<group>";
		};
		561BD0032CD1F1AE0052D050 /* Models */ = {
			isa = PBXGroup;
			children = (
				561BD01A2CD1F3670052D050 /* Movie.swift */,
				561BD01C2CD1F4050052D050 /* MovieDataManager.swift */,
			);
			path = Models;
			sourceTree = "<group>";
		};
		561BD0042CD1F1AE0052D050 /* Views */ = {
			isa = PBXGroup;
			children = (
				561BD00B2CD1F1AE0052D050 /* Main.storyboard */,
				561BD01E2CD1F94C0052D050 /* MovieCell.swift */,
			);
			path = Views;
			sourceTree = "<group>";
		};
		561BD00E2CD1F1AE0052D050 /* TableView */ = {
			isa = PBXGroup;
			children = (
				561BD0052CD1F1AE0052D050 /* AppDelegate.swift */,
				561BD00C2CD1F1AE0052D050 /* SceneDelegate.swift */,
				561BD0032CD1F1AE0052D050 /* Models */,
				561BD0042CD1F1AE0052D050 /* Views */,
				561BD0022CD1F1AE0052D050 /* Controllers */,
				561BD0062CD1F1AE0052D050 /* Assets.xcassets */,
				561BD0072CD1F1AE0052D050 /* Info.plist */,
				561BD0092CD1F1AE0052D050 /* LaunchScreen.storyboard */,
			);
			path = TableView;
			sourceTree = "<group>";
		};
/* End PBXGroup section */

/* Begin PBXNativeTarget section */
		561BCFE62CD1EF9C0052D050 /* TableView */ = {
			isa = PBXNativeTarget;
			buildConfigurationList = 561BCFFA2CD1EF9D0052D050 /* Build configuration list for PBXNativeTarget "TableView" */;
			buildPhases = (
				561BCFE32CD1EF9C0052D050 /* Sources */,
				561BCFE42CD1EF9C0052D050 /* Frameworks */,
				561BCFE52CD1EF9C0052D050 /* Resources */,
			);
			buildRules = (
			);
			dependencies = (
			);
			name = TableView;
			packageProductDependencies = (
			);
			productName = TableView;
			productReference = 561BCFE72CD1EF9C0052D050 /* TableView.app */;
			productType = "com.apple.product-type.application";
		};
/* End PBXNativeTarget section */

/* Begin PBXProject section */
		561BCFDF2CD1EF9C0052D050 /* Project object */ = {
			isa = PBXProject;
			attributes = {
				BuildIndependentTargetsInParallel = 1;
				LastSwiftUpdateCheck = 1600;
				LastUpgradeCheck = 1600;
				TargetAttributes = {
					561BCFE62CD1EF9C0052D050 = {
						CreatedOnToolsVersion = 16.0;
					};
				};
			};
			buildConfigurationList = 561BCFE22CD1EF9C0052D050 /* Build configuration list for PBXProject "TableView" */;
			compatibilityVersion = "Xcode 15.0";
			developmentRegion = en;
			hasScannedForEncodings = 0;
			knownRegions = (
				en,
				Base,
			);
			mainGroup = 561BCFDE2CD1EF9C0052D050;
			minimizedProjectReferenceProxies = 1;
			productRefGroup = 561BCFE82CD1EF9C0052D050 /* Products */;
			projectDirPath = "";
			projectRoot = "";
			targets = (
				561BCFE62CD1EF9C0052D050 /* TableView */,
			);
		};
/* End PBXProject section */

/* Begin PBXResourcesBuildPhase section */
		561BCFE52CD1EF9C0052D050 /* Resources */ = {
			isa = PBXResourcesBuildPhase;
			buildActionMask = 2147483647;
			files = (
				561BD00F2CD1F1AE0052D050 /* Assets.xcassets in Resources */,
				561BD0112CD1F1AE0052D050 /* LaunchScreen.storyboard in Resources */,
				561BD0122CD1F1AE0052D050 /* Main.storyboard in Resources */,
			);
			runOnlyForDeploymentPostprocessing = 0;
		};
/* End PBXResourcesBuildPhase section */

/* Begin PBXSourcesBuildPhase section */
		561BCFE32CD1EF9C0052D050 /* Sources */ = {
			isa = PBXSourcesBuildPhase;
			buildActionMask = 2147483647;
			files = (
				561BD0132CD1F1AE0052D050 /* AppDelegate.swift in Sources */,
				561BD0142CD1F1AE0052D050 /* SceneDelegate.swift in Sources */,
				561BD01F2CD1F94C0052D050 /* MovieCell.swift in Sources */,
				561BD01D2CD1F4050052D050 /* MovieDataManager.swift in Sources */,
				561BD01B2CD1F3670052D050 /* Movie.swift in Sources */,
				561BD0152CD1F1AE0052D050 /* ViewController.swift in Sources */,
				561BD0212CD20E1E0052D050 /* DetailViewController.swift in Sources */,
			);
			runOnlyForDeploymentPostprocessing = 0;
		};
/* End PBXSourcesBuildPhase section */

/* Begin PBXVariantGroup section */
		561BD0092CD1F1AE0052D050 /* LaunchScreen.storyboard */ = {
			isa = PBXVariantGroup;
			children = (
				561BD0082CD1F1AE0052D050 /* Base */,
			);
			name = LaunchScreen.storyboard;
			sourceTree = "<group>";
		};
		561BD00B2CD1F1AE0052D050 /* Main.storyboard */ = {
			isa = PBXVariantGroup;
			children = (
				561BD00A2CD1F1AE0052D050 /* Base */,
			);
			name = Main.storyboard;
			sourceTree = "<group>";
		};
/* End PBXVariantGroup section */

/* Begin XCBuildConfiguration section */
		561BCFFB2CD1EF9D0052D050 /* Debug */ = {
			isa = XCBuildConfiguration;
			buildSettings = {
				ASSETCATALOG_COMPILER_APPICON_NAME = AppIcon;
				ASSETCATALOG_COMPILER_GLOBAL_ACCENT_COLOR_NAME = AccentColor;
				CODE_SIGN_STYLE = Automatic;
				CURRENT_PROJECT_VERSION = 1;
				GENERATE_INFOPLIST_FILE = YES;
				INFOPLIST_FILE = TableView/Info.plist;
				INFOPLIST_KEY_UIApplicationSupportsIndirectInputEvents = YES;
				INFOPLIST_KEY_UILaunchStoryboardName = LaunchScreen;
				INFOPLIST_KEY_UIMainStoryboardFile = Main;
				INFOPLIST_KEY_UISupportedInterfaceOrientations = UIInterfaceOrientationPortrait;
				INFOPLIST_KEY_UISupportedInterfaceOrientations_iPad = "UIInterfaceOrientationLandscapeLeft UIInterfaceOrientationLandscapeRight UIInterfaceOrientationPortrait UIInterfaceOrientationPortraitUpsideDown";
				IPHONEOS_DEPLOYMENT_TARGET = 13.0;
				LD_RUNPATH_SEARCH_PATHS = (
					"$(inherited)",
					"@executable_path/Frameworks",
				);
				MARKETING_VERSION = 1.0;
				PRODUCT_BUNDLE_IDENTIFIER = com.wishKang.TableView;
				PRODUCT_NAME = "$(TARGET_NAME)";
				SUPPORTED_PLATFORMS = "iphoneos iphonesimulator";
				SUPPORTS_MACCATALYST = NO;
				SUPPORTS_MAC_DESIGNED_FOR_IPHONE_IPAD = NO;
				SUPPORTS_XR_DESIGNED_FOR_IPHONE_IPAD = NO;
				SWIFT_EMIT_LOC_STRINGS = YES;
				SWIFT_VERSION = 5.0;
				TARGETED_DEVICE_FAMILY = 1;
			};
			name = Debug;
		};
		561BCFFC2CD1EF9D0052D050 /* Release */ = {
			isa = XCBuildConfiguration;
			buildSettings = {
				ASSETCATALOG_COMPILER_APPICON_NAME = AppIcon;
				ASSETCATALOG_COMPILER_GLOBAL_ACCENT_COLOR_NAME = AccentColor;
				CODE_SIGN_STYLE = Automatic;
				CURRENT_PROJECT_VERSION = 1;
				GENERATE_INFOPLIST_FILE = YES;
				INFOPLIST_FILE = TableView/Info.plist;
				INFOPLIST_KEY_UIApplicationSupportsIndirectInputEvents = YES;
				INFOPLIST_KEY_UILaunchStoryboardName = LaunchScreen;
				INFOPLIST_KEY_UIMainStoryboardFile = Main;
				INFOPLIST_KEY_UISupportedInterfaceOrientations = UIInterfaceOrientationPortrait;
				INFOPLIST_KEY_UISupportedInterfaceOrientations_iPad = "UIInterfaceOrientationLandscapeLeft UIInterfaceOrientationLandscapeRight UIInterfaceOrientationPortrait UIInterfaceOrientationPortraitUpsideDown";
				IPHONEOS_DEPLOYMENT_TARGET = 13.0;
				LD_RUNPATH_SEARCH_PATHS = (
					"$(inherited)",
					"@executable_path/Frameworks",
				);
				MARKETING_VERSION = 1.0;
				PRODUCT_BUNDLE_IDENTIFIER = com.wishKang.TableView;
				PRODUCT_NAME = "$(TARGET_NAME)";
				SUPPORTED_PLATFORMS = "iphoneos iphonesimulator";
				SUPPORTS_MACCATALYST = NO;
				SUPPORTS_MAC_DESIGNED_FOR_IPHONE_IPAD = NO;
				SUPPORTS_XR_DESIGNED_FOR_IPHONE_IPAD = NO;
				SWIFT_EMIT_LOC_STRINGS = YES;
				SWIFT_VERSION = 5.0;
				TARGETED_DEVICE_FAMILY = 1;
			};
			name = Release;
		};
		561BCFFD2CD1EF9D0052D050 /* Debug */ = {
			isa = XCBuildConfiguration;
			buildSettings = {
				ALWAYS_SEARCH_USER_PATHS = NO;
				ASSETCATALOG_COMPILER_GENERATE_SWIFT_ASSET_SYMBOL_EXTENSIONS = YES;
				CLANG_ANALYZER_NONNULL = YES;
				CLANG_ANALYZER_NUMBER_OBJECT_CONVERSION = YES_AGGRESSIVE;
				CLANG_CXX_LANGUAGE_STANDARD = "gnu++20";
				CLANG_ENABLE_MODULES = YES;
				CLANG_ENABLE_OBJC_ARC = YES;
				CLANG_ENABLE_OBJC_WEAK = YES;
				CLANG_WARN_BLOCK_CAPTURE_AUTORELEASING = YES;
				CLANG_WARN_BOOL_CONVERSION = YES;
				CLANG_WARN_COMMA = YES;
				CLANG_WARN_CONSTANT_CONVERSION = YES;
				CLANG_WARN_DEPRECATED_OBJC_IMPLEMENTATIONS = YES;
				CLANG_WARN_DIRECT_OBJC_ISA_USAGE = YES_ERROR;
				CLANG_WARN_DOCUMENTATION_COMMENTS = YES;
				CLANG_WARN_EMPTY_BODY = YES;
				CLANG_WARN_ENUM_CONVERSION = YES;
				CLANG_WARN_INFINITE_RECURSION = YES;
				CLANG_WARN_INT_CONVERSION = YES;
				CLANG_WARN_NON_LITERAL_NULL_CONVERSION = YES;
				CLANG_WARN_OBJC_IMPLICIT_RETAIN_SELF = YES;
				CLANG_WARN_OBJC_LITERAL_CONVERSION = YES;
				CLANG_WARN_OBJC_ROOT_CLASS = YES_ERROR;
				CLANG_WARN_QUOTED_INCLUDE_IN_FRAMEWORK_HEADER = YES;
				CLANG_WARN_RANGE_LOOP_ANALYSIS = YES;
				CLANG_WARN_STRICT_PROTOTYPES = YES;
				CLANG_WARN_SUSPICIOUS_MOVE = YES;
				CLANG_WARN_UNGUARDED_AVAILABILITY = YES_AGGRESSIVE;
				CLANG_WARN_UNREACHABLE_CODE = YES;
				CLANG_WARN__DUPLICATE_METHOD_MATCH = YES;
				COPY_PHASE_STRIP = NO;
				DEBUG_INFORMATION_FORMAT = dwarf;
				ENABLE_STRICT_OBJC_MSGSEND = YES;
				ENABLE_TESTABILITY = YES;
				ENABLE_USER_SCRIPT_SANDBOXING = YES;
				GCC_C_LANGUAGE_STANDARD = gnu17;
				GCC_DYNAMIC_NO_PIC = NO;
				GCC_NO_COMMON_BLOCKS = YES;
				GCC_OPTIMIZATION_LEVEL = 0;
				GCC_PREPROCESSOR_DEFINITIONS = (
					"DEBUG=1",
					"$(inherited)",
				);
				GCC_WARN_64_TO_32_BIT_CONVERSION = YES;
				GCC_WARN_ABOUT_RETURN_TYPE = YES_ERROR;
				GCC_WARN_UNDECLARED_SELECTOR = YES;
				GCC_WARN_UNINITIALIZED_AUTOS = YES_AGGRESSIVE;
				GCC_WARN_UNUSED_FUNCTION = YES;
				GCC_WARN_UNUSED_VARIABLE = YES;
				IPHONEOS_DEPLOYMENT_TARGET = 18.0;
				LOCALIZATION_PREFERS_STRING_CATALOGS = YES;
				MTL_ENABLE_DEBUG_INFO = INCLUDE_SOURCE;
				MTL_FAST_MATH = YES;
				ONLY_ACTIVE_ARCH = YES;
				SDKROOT = iphoneos;
				SWIFT_ACTIVE_COMPILATION_CONDITIONS = "DEBUG $(inherited)";
				SWIFT_OPTIMIZATION_LEVEL = "-Onone";
			};
			name = Debug;
		};
		561BCFFE2CD1EF9D0052D050 /* Release */ = {
			isa = XCBuildConfiguration;
			buildSettings = {
				ALWAYS_SEARCH_USER_PATHS = NO;
				ASSETCATALOG_COMPILER_GENERATE_SWIFT_ASSET_SYMBOL_EXTENSIONS = YES;
				CLANG_ANALYZER_NONNULL = YES;
				CLANG_ANALYZER_NUMBER_OBJECT_CONVERSION = YES_AGGRESSIVE;
				CLANG_CXX_LANGUAGE_STANDARD = "gnu++20";
				CLANG_ENABLE_MODULES = YES;
				CLANG_ENABLE_OBJC_ARC = YES;
				CLANG_ENABLE_OBJC_WEAK = YES;
				CLANG_WARN_BLOCK_CAPTURE_AUTORELEASING = YES;
				CLANG_WARN_BOOL_CONVERSION = YES;
				CLANG_WARN_COMMA = YES;
				CLANG_WARN_CONSTANT_CONVERSION = YES;
				CLANG_WARN_DEPRECATED_OBJC_IMPLEMENTATIONS = YES;
				CLANG_WARN_DIRECT_OBJC_ISA_USAGE = YES_ERROR;
				CLANG_WARN_DOCUMENTATION_COMMENTS = YES;
				CLANG_WARN_EMPTY_BODY = YES;
				CLANG_WARN_ENUM_CONVERSION = YES;
				CLANG_WARN_INFINITE_RECURSION = YES;
				CLANG_WARN_INT_CONVERSION = YES;
				CLANG_WARN_NON_LITERAL_NULL_CONVERSION = YES;
				CLANG_WARN_OBJC_IMPLICIT_RETAIN_SELF = YES;
				CLANG_WARN_OBJC_LITERAL_CONVERSION = YES;
				CLANG_WARN_OBJC_ROOT_CLASS = YES_ERROR;
				CLANG_WARN_QUOTED_INCLUDE_IN_FRAMEWORK_HEADER = YES;
				CLANG_WARN_RANGE_LOOP_ANALYSIS = YES;
				CLANG_WARN_STRICT_PROTOTYPES = YES;
				CLANG_WARN_SUSPICIOUS_MOVE = YES;
				CLANG_WARN_UNGUARDED_AVAILABILITY = YES_AGGRESSIVE;
				CLANG_WARN_UNREACHABLE_CODE = YES;
				CLANG_WARN__DUPLICATE_METHOD_MATCH = YES;
				COPY_PHASE_STRIP = NO;
				DEBUG_INFORMATION_FORMAT = "dwarf-with-dsym";
				ENABLE_NS_ASSERTIONS = NO;
				ENABLE_STRICT_OBJC_MSGSEND = YES;
				ENABLE_USER_SCRIPT_SANDBOXING = YES;
				GCC_C_LANGUAGE_STANDARD = gnu17;
				GCC_NO_COMMON_BLOCKS = YES;
				GCC_WARN_64_TO_32_BIT_CONVERSION = YES;
				GCC_WARN_ABOUT_RETURN_TYPE = YES_ERROR;
				GCC_WARN_UNDECLARED_SELECTOR = YES;
				GCC_WARN_UNINITIALIZED_AUTOS = YES_AGGRESSIVE;
				GCC_WARN_UNUSED_FUNCTION = YES;
				GCC_WARN_UNUSED_VARIABLE = YES;
				IPHONEOS_DEPLOYMENT_TARGET = 18.0;
				LOCALIZATION_PREFERS_STRING_CATALOGS = YES;
				MTL_ENABLE_DEBUG_INFO = NO;
				MTL_FAST_MATH = YES;
				SDKROOT = iphoneos;
				SWIFT_COMPILATION_MODE = wholemodule;
				VALIDATE_PRODUCT = YES;
			};
			name = Release;
		};
/* End XCBuildConfiguration section */

/* Begin XCConfigurationList section */
		561BCFE22CD1EF9C0052D050 /* Build configuration list for PBXProject "TableView" */ = {
			isa = XCConfigurationList;
			buildConfigurations = (
				561BCFFD2CD1EF9D0052D050 /* Debug */,
				561BCFFE2CD1EF9D0052D050 /* Release */,
			);
			defaultConfigurationIsVisible = 0;
			defaultConfigurationName = Release;
		};
		561BCFFA2CD1EF9D0052D050 /* Build configuration list for PBXNativeTarget "TableView" */ = {
			isa = XCConfigurationList;
			buildConfigurations = (
				561BCFFB2CD1EF9D0052D050 /* Debug */,
				561BCFFC2CD1EF9D0052D050 /* Release */,
			);
			defaultConfigurationIsVisible = 0;
			defaultConfigurationName = Release;
		};
/* End XCConfigurationList section */
	};
	rootObject = 561BCFDF2CD1EF9C0052D050 /* Project object */;
}
